
Microsoft Visual Studio Solution File, Format Version 12.00
# Visual Studio Version 17
VisualStudioVersion = 17.7.34202.233
MinimumVisualStudioVersion = 10.0.40219.1
Project("{8BC9CEB8-8B4A-11D0-8D11-00A0C91BC942}") = "Popcorn", "Popcorn\Popcorn.vcxproj", "{95EDD60C-68B9-402B-8550-4458A839E13F}"
EndProject
Global
	GlobalSection(SolutionConfigurationPlatforms) = preSolution
		Debug|x64 = Debug|x64
		Debug|x86 = Debug|x86
		Release|x64 = Release|x64
		Release|x86 = Release|x86
	EndGlobalSection
	GlobalSection(ProjectConfigurationPlatforms) = postSolution
		{95EDD60C-68B9-402B-8550-4458A839E13F}.Debug|x64.ActiveCfg = Debug|x64
		{95EDD60C-68B9-402B-8550-4458A839E13F}.Debug|x64.Build.0 = Debug|x64
		{95EDD60C-68B9-402B-8550-4458A839E13F}.Debug|x86.ActiveCfg = Debug|Win32
		{95EDD60C-68B9-402B-8550-4458A839E13F}.Debug|x86.Build.0 = Debug|Win32
		{95EDD60C-68B9-402B-8550-4458A839E13F}.Release|x64.ActiveCfg = Release|x64
		{95EDD60C-68B9-402B-8550-4458A839E13F}.Release|x64.Build.0 = Release|x64
		{95EDD60C-68B9-402B-8550-4458A839E13F}.Release|x86.ActiveCfg = Release|Win32
		{95EDD60C-68B9-402B-8550-4458A839E13F}.Release|x86.Build.0 = Release|Win32
	EndGlobalSection
	GlobalSection(SolutionProperties) = preSolution
		HideSolutionNode = FALSE
	EndGlobalSection
	GlobalSection(ExtensibilityGlobals) = postSolution
		SolutionGuid = {06C587A6-3081-4171-8E4C-158CA7A7D51A}
	EndGlobalSection
EndGlobal
